PODS:
  - Aspects (1.4.1)
  - LDHotFix (0.1.5):
    - Aspects

DEPENDENCIES:
  - LDHotFix (from `../`)

SPEC REPOS:
  https://github.com/cocoapods/specs.git:
    - Aspects

EXTERNAL SOURCES:
  LDHotFix:
    :path: "../"

SPEC CHECKSUMS:
  Aspects: 7595ba96a6727a58ebcbfc954497fc5d2fdde546
  LDHotFix: 59f23c9131a276288bacbd0c8411348fdf5220ed

PODFILE CHECKSUM: 680937190a7b4f24244f5f66d0c01e2a2a8bf53b

COCOAPODS: 1.6.0.beta.2
